
Microsoft Visual Studio Solution File, Format Version 12.00
# Visual Studio Version 17
VisualStudioVersion = 17.5.002.0
MinimumVisualStudioVersion = 10.0.40219.1
Project("{9A19103F-16F7-4668-BE54-9A1E7A4F7556}") = "switch", "switch.csproj", "{2FF4C342-0940-41FC-9514-FE12A489B402}"
EndProject
Global
	GlobalSection(SolutionConfigurationPlatforms) = preSolution
		Debug|Any CPU = Debug|Any CPU
		Release|Any CPU = Release|Any CPU
	EndGlobalSection
	GlobalSection(ProjectConfigurationPlatforms) = postSolution
		{2FF4C342-0940-41FC-9514-FE12A489B402}.Debug|Any CPU.ActiveCfg = Debug|Any CPU
		{2FF4C342-0940-41FC-9514-FE12A489B402}.Debug|Any CPU.Build.0 = Debug|Any CPU
		{2FF4C342-0940-41FC-9514-FE12A489B402}.Release|Any CPU.ActiveCfg = Release|Any CPU
		{2FF4C342-0940-41FC-9514-FE12A489B402}.Release|Any CPU.Build.0 = Release|Any CPU
	EndGlobalSection
	GlobalSection(SolutionProperties) = preSolution
		HideSolutionNode = FALSE
	EndGlobalSection
	GlobalSection(ExtensibilityGlobals) = postSolution
		SolutionGuid = {C182BD27-9CC4-4DCF-8C23-E1DF351B3889}
	EndGlobalSection
EndGlobal
